
Microsoft Visual Studio Solution File, Format Version 12.00
# Visual Studio Version 17
VisualStudioVersion = 17.8.34408.163
MinimumVisualStudioVersion = 10.0.40219.1
Project("{FAE04EC0-301F-11D3-BF4B-00C04F79EFBC}") = "SchoolHRAdmin", "SchoolHRAdmin.csproj", "{142C8AFA-512D-4727-A241-749DEB03E349}"
EndProject
Project("{FAE04EC0-301F-11D3-BF4B-00C04F79EFBC}") = "HRAdminAPI", "..\HRAdminAPI\HRAdminAPI.csproj", "{85205DD5-E78D-4EC4-ACDF-6C093C433A99}"
EndProject
Global
	GlobalSection(SolutionConfigurationPlatforms) = preSolution
		Debug|Any CPU = Debug|Any CPU
		Release|Any CPU = Release|Any CPU
	EndGlobalSection
	GlobalSection(ProjectConfigurationPlatforms) = postSolution
		{142C8AFA-512D-4727-A241-749DEB03E349}.Debug|Any CPU.ActiveCfg = Debug|Any CPU
		{142C8AFA-512D-4727-A241-749DEB03E349}.Debug|Any CPU.Build.0 = Debug|Any CPU
		{142C8AFA-512D-4727-A241-749DEB03E349}.Release|Any CPU.ActiveCfg = Release|Any CPU
		{142C8AFA-512D-4727-A241-749DEB03E349}.Release|Any CPU.Build.0 = Release|Any CPU
		{85205DD5-E78D-4EC4-ACDF-6C093C433A99}.Debug|Any CPU.ActiveCfg = Debug|Any CPU
		{85205DD5-E78D-4EC4-ACDF-6C093C433A99}.Debug|Any CPU.Build.0 = Debug|Any CPU
		{85205DD5-E78D-4EC4-ACDF-6C093C433A99}.Release|Any CPU.ActiveCfg = Release|Any CPU
		{85205DD5-E78D-4EC4-ACDF-6C093C433A99}.Release|Any CPU.Build.0 = Release|Any CPU
	EndGlobalSection
	GlobalSection(SolutionProperties) = preSolution
		HideSolutionNode = FALSE
	EndGlobalSection
	GlobalSection(ExtensibilityGlobals) = postSolution
		SolutionGuid = {A48DFBF2-3F31-4FE0-B776-59AC6D25A297}
	EndGlobalSection
EndGlobal
